
Microsoft Visual Studio Solution File, Format Version 12.00
Project("{FAE04EC0-301F-11D3-BF4B-00C04F79EFBC}") = "Todo.Api", "Todo.Api\Todo.Api.csproj", "{FD74F05B-13CA-40F9-A47C-50813F534182}"
EndProject
Project("{2150E333-8FDC-42A3-9474-1A3956D46DE8}") = "Solution Items", "Solution Items", "{9C0D733D-BC1A-4FE5-9A70-55134BBCF6E9}"
	ProjectSection(SolutionItems) = preProject
		compose.yaml = compose.yaml
	EndProjectSection
EndProject
Project("{FAE04EC0-301F-11D3-BF4B-00C04F79EFBC}") = "Todo.UnitTests", "Todo.UnitTests\Todo.UnitTests.csproj", "{5725A4CA-AB58-44B9-8F51-6F6ED438DFF9}"
EndProject
Project("{FAE04EC0-301F-11D3-BF4B-00C04F79EFBC}") = "Todo.IntegrationTests", "Todo.IntegrationTests\Todo.IntegrationTests.csproj", "{3F0EB670-D56C-49DC-97B9-8391EEE4DEA4}"
EndProject
Project("{FAE04EC0-301F-11D3-BF4B-00C04F79EFBC}") = "Todo.PerformaceTests", "Todo.PerformaceTests\Todo.PerformaceTests.csproj", "{28F036D9-5144-4CDF-B41B-9D303009E3A9}"
EndProject
Global
	GlobalSection(SolutionConfigurationPlatforms) = preSolution
		Debug|Any CPU = Debug|Any CPU
		Release|Any CPU = Release|Any CPU
	EndGlobalSection
	GlobalSection(ProjectConfigurationPlatforms) = postSolution
		{FD74F05B-13CA-40F9-A47C-50813F534182}.Debug|Any CPU.ActiveCfg = Debug|Any CPU
		{FD74F05B-13CA-40F9-A47C-50813F534182}.Debug|Any CPU.Build.0 = Debug|Any CPU
		{FD74F05B-13CA-40F9-A47C-50813F534182}.Release|Any CPU.ActiveCfg = Release|Any CPU
		{FD74F05B-13CA-40F9-A47C-50813F534182}.Release|Any CPU.Build.0 = Release|Any CPU
		{5725A4CA-AB58-44B9-8F51-6F6ED438DFF9}.Debug|Any CPU.ActiveCfg = Debug|Any CPU
		{5725A4CA-AB58-44B9-8F51-6F6ED438DFF9}.Debug|Any CPU.Build.0 = Debug|Any CPU
		{5725A4CA-AB58-44B9-8F51-6F6ED438DFF9}.Release|Any CPU.ActiveCfg = Release|Any CPU
		{5725A4CA-AB58-44B9-8F51-6F6ED438DFF9}.Release|Any CPU.Build.0 = Release|Any CPU
		{3F0EB670-D56C-49DC-97B9-8391EEE4DEA4}.Debug|Any CPU.ActiveCfg = Debug|Any CPU
		{3F0EB670-D56C-49DC-97B9-8391EEE4DEA4}.Debug|Any CPU.Build.0 = Debug|Any CPU
		{3F0EB670-D56C-49DC-97B9-8391EEE4DEA4}.Release|Any CPU.ActiveCfg = Release|Any CPU
		{3F0EB670-D56C-49DC-97B9-8391EEE4DEA4}.Release|Any CPU.Build.0 = Release|Any CPU
		{28F036D9-5144-4CDF-B41B-9D303009E3A9}.Debug|Any CPU.ActiveCfg = Debug|Any CPU
		{28F036D9-5144-4CDF-B41B-9D303009E3A9}.Debug|Any CPU.Build.0 = Debug|Any CPU
		{28F036D9-5144-4CDF-B41B-9D303009E3A9}.Release|Any CPU.ActiveCfg = Release|Any CPU
		{28F036D9-5144-4CDF-B41B-9D303009E3A9}.Release|Any CPU.Build.0 = Release|Any CPU
	EndGlobalSection
EndGlobal
